<?xml version="1.0" encoding="utf-8"?>
<Project ToolsVersion="4.0" xmlns="http://schemas.microsoft.com/developer/msbuild/2003">
  <ItemGroup>
    <Filter Include="render">
      <UniqueIdentifier>{cab783be-5b7a-4d37-b60e-6737d9c1fd64}</UniqueIdentifier>
    </Filter>
    <Filter Include="util">
      <UniqueIdentifier>{82ef3e10-c80a-43be-b9be-61df0b0dc2e0}</UniqueIdentifier>
    </Filter>
    <Filter Include="render\dx11">
      <UniqueIdentifier>{5f41f7e3-4b25-46fd-9e2d-c7a66722bebc}</UniqueIdentifier>
    </Filter>
    <Filter Include="render\es2">
      <UniqueIdentifier>{a3a9bee7-4fdf-4e67-b7e1-04a54ef7af17}</UniqueIdentifier>
    </Filter>
    <Filter Include="input">
      <UniqueIdentifier>{aaaac013-aba4-4762-b2de-b620e1566975}</UniqueIdentifier>
    </Filter>
    <Filter Include="math">
      <UniqueIdentifier>{fd1415de-a7d7-41e2-83c7-fbce70e56e10}</UniqueIdentifier>
    </Filter>
    <Filter Include="render\mesh">
      <UniqueIdentifier>{5986acc2-db73-41fd-b67d-dee3d018911c}</UniqueIdentifier>
    </Filter>
  </ItemGroup>
  <ItemGroup>
    <ClCompile Include="engine.cc" />
    <ClCompile Include="util.cc">
      <Filter>util</Filter>
    </ClCompile>
    <ClCompile Include="file_system.cc">
      <Filter>util</Filter>
    </ClCompile>
    <ClCompile Include="log.cc">
      <Filter>util</Filter>
    </ClCompile>
    <ClCompile Include="renderer.cc">
      <Filter>render</Filter>
    </ClCompile>
    <ClCompile Include="es2\renderer_es2.cc">
      <Filter>render\es2</Filter>
    </ClCompile>
    <ClCompile Include="dx11\renderer_dx11.cc">
      <Filter>render\dx11</Filter>
    </ClCompile>
    <ClCompile Include="math\math.cc">
      <Filter>math</Filter>
    </ClCompile>
    <ClCompile Include="mesh\geometry.cc">
      <Filter>render\mesh</Filter>
    </ClCompile>
    <ClCompile Include="mesh\material.cc">
      <Filter>render\mesh</Filter>
    </ClCompile>
    <ClCompile Include="mesh\mesh.cc">
      <Filter>render\mesh</Filter>
    </ClCompile>
    <ClCompile Include="math\vector.cc">
      <Filter>math</Filter>
    </ClCompile>
    <ClCompile Include="math\matrix.cc">
      <Filter>math</Filter>
    </ClCompile>
    <ClCompile Include="dx11\util_dx11.cc">
      <Filter>render\dx11</Filter>
    </ClCompile>
  </ItemGroup>
  <ItemGroup>
    <ClInclude Include="util.h">
      <Filter>util</Filter>
    </ClInclude>
    <ClInclude Include="file_system.h">
      <Filter>util</Filter>
    </ClInclude>
    <ClInclude Include="log.h">
      <Filter>util</Filter>
    </ClInclude>
    <ClInclude Include="renderer.h">
      <Filter>render</Filter>
    </ClInclude>
    <ClInclude Include="es2\renderer_es2.h">
      <Filter>render\es2</Filter>
    </ClInclude>
    <ClInclude Include="dx11\renderer_dx11.h">
      <Filter>render\dx11</Filter>
    </ClInclude>
    <ClInclude Include="engine_pch.h" />
    <ClInclude Include="engine.h" />
    <ClInclude Include="math\math.h">
      <Filter>math</Filter>
    </ClInclude>
    <ClInclude Include="mesh\geometry.h">
      <Filter>render\mesh</Filter>
    </ClInclude>
    <ClInclude Include="mesh\material.h">
      <Filter>render\mesh</Filter>
    </ClInclude>
    <ClInclude Include="mesh\mesh.h">
      <Filter>render\mesh</Filter>
    </ClInclude>
    <ClInclude Include="math\vector.h">
      <Filter>math</Filter>
    </ClInclude>
    <ClInclude Include="math\matrix.h">
      <Filter>math</Filter>
    </ClInclude>
    <ClInclude Include="dx11\util_dx11.h">
      <Filter>render\dx11</Filter>
    </ClInclude>
  </ItemGroup>
  <ItemGroup>
    <Text Include="rend_me.txt" />
  </ItemGroup>
</Project>