<?xml version="1.0" encoding="utf-8"?>
<Project ToolsVersion="4.0" xmlns="http://schemas.microsoft.com/developer/msbuild/2003">
  <ItemGroup>
    <Filter Include="win32">
      <UniqueIdentifier>{7ff4b21a-9b5e-4a15-9fd4-466e5916237d}</UniqueIdentifier>
    </Filter>
    <Filter Include="res">
      <UniqueIdentifier>{54a6c9c4-064b-4eaa-a024-0d1170983c1a}</UniqueIdentifier>
    </Filter>
    <Filter Include="res\shader">
      <UniqueIdentifier>{c759b717-629a-4fc4-a957-8dfb36c13049}</UniqueIdentifier>
    </Filter>
    <Filter Include="app">
      <UniqueIdentifier>{3818c37e-3ae0-400b-a317-1ce1ad80f384}</UniqueIdentifier>
    </Filter>
  </ItemGroup>
  <ItemGroup>
    <ClCompile Include="main.cpp">
      <Filter>win32</Filter>
    </ClCompile>
    <ClCompile Include="win32.cpp">
      <Filter>win32</Filter>
    </ClCompile>
    <ClCompile Include="model_table.cc">
      <Filter>app</Filter>
    </ClCompile>
    <ClCompile Include="model_loader.cpp">
      <Filter>app</Filter>
    </ClCompile>
  </ItemGroup>
  <ItemGroup>
    <ClInclude Include="win32.h">
      <Filter>win32</Filter>
    </ClInclude>
    <ClInclude Include="model_table.h">
      <Filter>app</Filter>
    </ClInclude>
    <ClInclude Include="model_loader.h">
      <Filter>app</Filter>
    </ClInclude>
  </ItemGroup>
  <ItemGroup>
    <None Include="..\..\bin\res\shader\color.ps">
      <Filter>res\shader</Filter>
    </None>
    <None Include="..\..\bin\res\shader\color.vs">
      <Filter>res\shader</Filter>
    </None>
  </ItemGroup>
</Project>